<?xml version="1.0" encoding="UTF-8"?>
<CodeBlocks_project_file>
	<FileVersion major="1" minor="6"/>
	<Project>
		<Option title="googleDriveApi"/>
		<Option makefile_is_custom="1"/>
		<Option compiler="gcc"/>
		<Option virtualFolders="CMake Files\;"/>
		<Build>
			<Target title="all">
				<Option working_dir="/Users/matthias/Documents/Projects/plexDrive/googleDriveApi/lib"/>
				<Option type="4"/>
				<MakeCommands>
					<Build command="/usr/bin/make -j16 -f &quot;/Users/matthias/Documents/Projects/plexDrive/googleDriveApi/lib/Makefile&quot;  VERBOSE=1 all"/>
					<CompileFile command="/usr/bin/make -j16 -f &quot;/Users/matthias/Documents/Projects/plexDrive/googleDriveApi/lib/Makefile&quot;  VERBOSE=1 &quot;$file&quot;"/>
					<Clean command="/usr/bin/make -j16 -f &quot;/Users/matthias/Documents/Projects/plexDrive/googleDriveApi/lib/Makefile&quot;  VERBOSE=1 clean"/>
					<DistClean command="/usr/bin/make -j16 -f &quot;/Users/matthias/Documents/Projects/plexDrive/googleDriveApi/lib/Makefile&quot;  VERBOSE=1 clean"/>
				</MakeCommands>
			</Target>
			<Target title="rebuild_cache">
				<Option working_dir="/Users/matthias/Documents/Projects/plexDrive/googleDriveApi/lib"/>
				<Option type="4"/>
				<MakeCommands>
					<Build command="/usr/bin/make -j16 -f &quot;/Users/matthias/Documents/Projects/plexDrive/googleDriveApi/lib/Makefile&quot;  VERBOSE=1 rebuild_cache"/>
					<CompileFile command="/usr/bin/make -j16 -f &quot;/Users/matthias/Documents/Projects/plexDrive/googleDriveApi/lib/Makefile&quot;  VERBOSE=1 &quot;$file&quot;"/>
					<Clean command="/usr/bin/make -j16 -f &quot;/Users/matthias/Documents/Projects/plexDrive/googleDriveApi/lib/Makefile&quot;  VERBOSE=1 clean"/>
					<DistClean command="/usr/bin/make -j16 -f &quot;/Users/matthias/Documents/Projects/plexDrive/googleDriveApi/lib/Makefile&quot;  VERBOSE=1 clean"/>
				</MakeCommands>
			</Target>
			<Target title="edit_cache">
				<Option working_dir="/Users/matthias/Documents/Projects/plexDrive/googleDriveApi/lib"/>
				<Option type="4"/>
				<MakeCommands>
					<Build command="/usr/bin/make -j16 -f &quot;/Users/matthias/Documents/Projects/plexDrive/googleDriveApi/lib/Makefile&quot;  VERBOSE=1 edit_cache"/>
					<CompileFile command="/usr/bin/make -j16 -f &quot;/Users/matthias/Documents/Projects/plexDrive/googleDriveApi/lib/Makefile&quot;  VERBOSE=1 &quot;$file&quot;"/>
					<Clean command="/usr/bin/make -j16 -f &quot;/Users/matthias/Documents/Projects/plexDrive/googleDriveApi/lib/Makefile&quot;  VERBOSE=1 clean"/>
					<DistClean command="/usr/bin/make -j16 -f &quot;/Users/matthias/Documents/Projects/plexDrive/googleDriveApi/lib/Makefile&quot;  VERBOSE=1 clean"/>
				</MakeCommands>
			</Target>
			<Target title="googleDriveApi">
				<Option output="/Users/matthias/Documents/Projects/plexDrive/googleDriveApi/lib/libgoogleDriveApi.a" prefix_auto="0" extension_auto="0"/>
				<Option working_dir="/Users/matthias/Documents/Projects/plexDrive/googleDriveApi/lib"/>
				<Option object_output="./"/>
				<Option type="2"/>
				<Option compiler="gcc"/>
				<Compiler>
					<Add directory="/usr/local/include"/>
					<Add directory="/Users/matthias/Documents/Projects/plexDrive/googleDriveApi/include"/>
					<Add directory="/Users/matthias/Documents/Projects/plexDrive/googleDriveApi/rapidjson/include/rapidjson"/>
					<Add directory="/Library/Developer/CommandLineTools/usr/bin/../include/c++/v1"/>
					<Add directory="/Library/Developer/CommandLineTools/usr/bin/../lib/clang/8.1.0/include"/>
					<Add directory="/Library/Developer/CommandLineTools/usr/include"/>
					<Add directory="/usr/include"/>
					<Add directory="/System/Library/Frameworks"/>
					<Add directory="/Library/Frameworks"/>
				</Compiler>
				<MakeCommands>
					<Build command="/usr/bin/make -j16 -f &quot;/Users/matthias/Documents/Projects/plexDrive/googleDriveApi/lib/Makefile&quot;  VERBOSE=1 googleDriveApi"/>
					<CompileFile command="/usr/bin/make -j16 -f &quot;/Users/matthias/Documents/Projects/plexDrive/googleDriveApi/lib/Makefile&quot;  VERBOSE=1 &quot;$file&quot;"/>
					<Clean command="/usr/bin/make -j16 -f &quot;/Users/matthias/Documents/Projects/plexDrive/googleDriveApi/lib/Makefile&quot;  VERBOSE=1 clean"/>
					<DistClean command="/usr/bin/make -j16 -f &quot;/Users/matthias/Documents/Projects/plexDrive/googleDriveApi/lib/Makefile&quot;  VERBOSE=1 clean"/>
				</MakeCommands>
			</Target>
			<Target title="googleDriveApi/fast">
				<Option output="/Users/matthias/Documents/Projects/plexDrive/googleDriveApi/lib/libgoogleDriveApi.a" prefix_auto="0" extension_auto="0"/>
				<Option working_dir="/Users/matthias/Documents/Projects/plexDrive/googleDriveApi/lib"/>
				<Option object_output="./"/>
				<Option type="2"/>
				<Option compiler="gcc"/>
				<Compiler>
					<Add directory="/usr/local/include"/>
					<Add directory="/Users/matthias/Documents/Projects/plexDrive/googleDriveApi/include"/>
					<Add directory="/Users/matthias/Documents/Projects/plexDrive/googleDriveApi/rapidjson/include/rapidjson"/>
					<Add directory="/Library/Developer/CommandLineTools/usr/bin/../include/c++/v1"/>
					<Add directory="/Library/Developer/CommandLineTools/usr/bin/../lib/clang/8.1.0/include"/>
					<Add directory="/Library/Developer/CommandLineTools/usr/include"/>
					<Add directory="/usr/include"/>
					<Add directory="/System/Library/Frameworks"/>
					<Add directory="/Library/Frameworks"/>
				</Compiler>
				<MakeCommands>
					<Build command="/usr/bin/make -j16 -f &quot;/Users/matthias/Documents/Projects/plexDrive/googleDriveApi/lib/Makefile&quot;  VERBOSE=1 googleDriveApi/fast"/>
					<CompileFile command="/usr/bin/make -j16 -f &quot;/Users/matthias/Documents/Projects/plexDrive/googleDriveApi/lib/Makefile&quot;  VERBOSE=1 &quot;$file&quot;"/>
					<Clean command="/usr/bin/make -j16 -f &quot;/Users/matthias/Documents/Projects/plexDrive/googleDriveApi/lib/Makefile&quot;  VERBOSE=1 clean"/>
					<DistClean command="/usr/bin/make -j16 -f &quot;/Users/matthias/Documents/Projects/plexDrive/googleDriveApi/lib/Makefile&quot;  VERBOSE=1 clean"/>
				</MakeCommands>
			</Target>
		</Build>
		<Unit filename="/Users/matthias/Documents/Projects/plexDrive/googleDriveApi/include/about/about.h">
			<Option target="googleDriveApi"/>
		</Unit>
		<Unit filename="/Users/matthias/Documents/Projects/plexDrive/googleDriveApi/include/about/aboutApi.h">
			<Option target="googleDriveApi"/>
		</Unit>
		<Unit filename="/Users/matthias/Documents/Projects/plexDrive/googleDriveApi/include/about/storageQuota.h">
			<Option target="googleDriveApi"/>
		</Unit>
		<Unit filename="/Users/matthias/Documents/Projects/plexDrive/googleDriveApi/include/about/teamDriveThemes.h">
			<Option target="googleDriveApi"/>
		</Unit>
		<Unit filename="/Users/matthias/Documents/Projects/plexDrive/googleDriveApi/include/changes/changes.h">
			<Option target="googleDriveApi"/>
		</Unit>
		<Unit filename="/Users/matthias/Documents/Projects/plexDrive/googleDriveApi/include/channels/channels.h">
			<Option target="googleDriveApi"/>
		</Unit>
		<Unit filename="/Users/matthias/Documents/Projects/plexDrive/googleDriveApi/include/classes/backgroundImageFile.h">
			<Option target="googleDriveApi"/>
		</Unit>
		<Unit filename="/Users/matthias/Documents/Projects/plexDrive/googleDriveApi/include/classes/capabilities.h">
			<Option target="googleDriveApi"/>
		</Unit>
		<Unit filename="/Users/matthias/Documents/Projects/plexDrive/googleDriveApi/include/classes/change.h">
			<Option target="googleDriveApi"/>
		</Unit>
		<Unit filename="/Users/matthias/Documents/Projects/plexDrive/googleDriveApi/include/classes/changeList.h">
			<Option target="googleDriveApi"/>
		</Unit>
		<Unit filename="/Users/matthias/Documents/Projects/plexDrive/googleDriveApi/include/classes/channel.h">
			<Option target="googleDriveApi"/>
		</Unit>
		<Unit filename="/Users/matthias/Documents/Projects/plexDrive/googleDriveApi/include/classes/comment.h">
			<Option target="googleDriveApi"/>
		</Unit>
		<Unit filename="/Users/matthias/Documents/Projects/plexDrive/googleDriveApi/include/classes/commentList.h">
			<Option target="googleDriveApi"/>
		</Unit>
		<Unit filename="/Users/matthias/Documents/Projects/plexDrive/googleDriveApi/include/classes/contentHint.h">
			<Option target="googleDriveApi"/>
		</Unit>
		<Unit filename="/Users/matthias/Documents/Projects/plexDrive/googleDriveApi/include/classes/dateTime.h">
			<Option target="googleDriveApi"/>
		</Unit>
		<Unit filename="/Users/matthias/Documents/Projects/plexDrive/googleDriveApi/include/classes/file.h">
			<Option target="googleDriveApi"/>
		</Unit>
		<Unit filename="/Users/matthias/Documents/Projects/plexDrive/googleDriveApi/include/classes/fileList.h">
			<Option target="googleDriveApi"/>
		</Unit>
		<Unit filename="/Users/matthias/Documents/Projects/plexDrive/googleDriveApi/include/classes/generatedIds.h">
			<Option target="googleDriveApi"/>
		</Unit>
		<Unit filename="/Users/matthias/Documents/Projects/plexDrive/googleDriveApi/include/classes/https.h">
			<Option target="googleDriveApi"/>
		</Unit>
		<Unit filename="/Users/matthias/Documents/Projects/plexDrive/googleDriveApi/include/classes/imageMediaMetadata.h">
			<Option target="googleDriveApi"/>
		</Unit>
		<Unit filename="/Users/matthias/Documents/Projects/plexDrive/googleDriveApi/include/classes/jsonObject.h">
			<Option target="googleDriveApi"/>
		</Unit>
		<Unit filename="/Users/matthias/Documents/Projects/plexDrive/googleDriveApi/include/classes/location.h">
			<Option target="googleDriveApi"/>
		</Unit>
		<Unit filename="/Users/matthias/Documents/Projects/plexDrive/googleDriveApi/include/classes/permission.h">
			<Option target="googleDriveApi"/>
		</Unit>
		<Unit filename="/Users/matthias/Documents/Projects/plexDrive/googleDriveApi/include/classes/permissionList.h">
			<Option target="googleDriveApi"/>
		</Unit>
		<Unit filename="/Users/matthias/Documents/Projects/plexDrive/googleDriveApi/include/classes/reply.h">
			<Option target="googleDriveApi"/>
		</Unit>
		<Unit filename="/Users/matthias/Documents/Projects/plexDrive/googleDriveApi/include/classes/replyList.h">
			<Option target="googleDriveApi"/>
		</Unit>
		<Unit filename="/Users/matthias/Documents/Projects/plexDrive/googleDriveApi/include/classes/startPageToken.h">
			<Option target="googleDriveApi"/>
		</Unit>
		<Unit filename="/Users/matthias/Documents/Projects/plexDrive/googleDriveApi/include/classes/teamDrive.h">
			<Option target="googleDriveApi"/>
		</Unit>
		<Unit filename="/Users/matthias/Documents/Projects/plexDrive/googleDriveApi/include/classes/teamDriveList.h">
			<Option target="googleDriveApi"/>
		</Unit>
		<Unit filename="/Users/matthias/Documents/Projects/plexDrive/googleDriveApi/include/classes/thumbnail.h">
			<Option target="googleDriveApi"/>
		</Unit>
		<Unit filename="/Users/matthias/Documents/Projects/plexDrive/googleDriveApi/include/classes/user.h">
			<Option target="googleDriveApi"/>
		</Unit>
		<Unit filename="/Users/matthias/Documents/Projects/plexDrive/googleDriveApi/include/classes/videoMediaMetadata.h">
			<Option target="googleDriveApi"/>
		</Unit>
		<Unit filename="/Users/matthias/Documents/Projects/plexDrive/googleDriveApi/include/comments/comments.h">
			<Option target="googleDriveApi"/>
		</Unit>
		<Unit filename="/Users/matthias/Documents/Projects/plexDrive/googleDriveApi/include/files/files.h">
			<Option target="googleDriveApi"/>
		</Unit>
		<Unit filename="/Users/matthias/Documents/Projects/plexDrive/googleDriveApi/include/googleDriveApi.h">
			<Option target="googleDriveApi"/>
		</Unit>
		<Unit filename="/Users/matthias/Documents/Projects/plexDrive/googleDriveApi/include/oauth/googleOAuth.h">
			<Option target="googleDriveApi"/>
		</Unit>
		<Unit filename="/Users/matthias/Documents/Projects/plexDrive/googleDriveApi/include/permissions/permissions.h">
			<Option target="googleDriveApi"/>
		</Unit>
		<Unit filename="/Users/matthias/Documents/Projects/plexDrive/googleDriveApi/include/replies/replies.h">
			<Option target="googleDriveApi"/>
		</Unit>
		<Unit filename="/Users/matthias/Documents/Projects/plexDrive/googleDriveApi/include/revisions/revision.h">
			<Option target="googleDriveApi"/>
		</Unit>
		<Unit filename="/Users/matthias/Documents/Projects/plexDrive/googleDriveApi/include/revisions/revisionList.h">
			<Option target="googleDriveApi"/>
		</Unit>
		<Unit filename="/Users/matthias/Documents/Projects/plexDrive/googleDriveApi/include/revisions/revisions.h">
			<Option target="googleDriveApi"/>
		</Unit>
		<Unit filename="/Users/matthias/Documents/Projects/plexDrive/googleDriveApi/include/teamdrives/teamdrives.h">
			<Option target="googleDriveApi"/>
		</Unit>
		<Unit filename="/Users/matthias/Documents/Projects/plexDrive/googleDriveApi/src/about.cpp">
			<Option target="googleDriveApi"/>
		</Unit>
		<Unit filename="/Users/matthias/Documents/Projects/plexDrive/googleDriveApi/src/aboutApi.cpp">
			<Option target="googleDriveApi"/>
		</Unit>
		<Unit filename="/Users/matthias/Documents/Projects/plexDrive/googleDriveApi/src/backgroundImageFile.cpp">
			<Option target="googleDriveApi"/>
		</Unit>
		<Unit filename="/Users/matthias/Documents/Projects/plexDrive/googleDriveApi/src/capabilities.cpp">
			<Option target="googleDriveApi"/>
		</Unit>
		<Unit filename="/Users/matthias/Documents/Projects/plexDrive/googleDriveApi/src/change.cpp">
			<Option target="googleDriveApi"/>
		</Unit>
		<Unit filename="/Users/matthias/Documents/Projects/plexDrive/googleDriveApi/src/changeList.cpp">
			<Option target="googleDriveApi"/>
		</Unit>
		<Unit filename="/Users/matthias/Documents/Projects/plexDrive/googleDriveApi/src/changes.cpp">
			<Option target="googleDriveApi"/>
		</Unit>
		<Unit filename="/Users/matthias/Documents/Projects/plexDrive/googleDriveApi/src/channel.cpp">
			<Option target="googleDriveApi"/>
		</Unit>
		<Unit filename="/Users/matthias/Documents/Projects/plexDrive/googleDriveApi/src/channels.cpp">
			<Option target="googleDriveApi"/>
		</Unit>
		<Unit filename="/Users/matthias/Documents/Projects/plexDrive/googleDriveApi/src/comment.cpp">
			<Option target="googleDriveApi"/>
		</Unit>
		<Unit filename="/Users/matthias/Documents/Projects/plexDrive/googleDriveApi/src/commentList.cpp">
			<Option target="googleDriveApi"/>
		</Unit>
		<Unit filename="/Users/matthias/Documents/Projects/plexDrive/googleDriveApi/src/comments.cpp">
			<Option target="googleDriveApi"/>
		</Unit>
		<Unit filename="/Users/matthias/Documents/Projects/plexDrive/googleDriveApi/src/contentHint.cpp">
			<Option target="googleDriveApi"/>
		</Unit>
		<Unit filename="/Users/matthias/Documents/Projects/plexDrive/googleDriveApi/src/file.cpp">
			<Option target="googleDriveApi"/>
		</Unit>
		<Unit filename="/Users/matthias/Documents/Projects/plexDrive/googleDriveApi/src/fileList.cpp">
			<Option target="googleDriveApi"/>
		</Unit>
		<Unit filename="/Users/matthias/Documents/Projects/plexDrive/googleDriveApi/src/files.cpp">
			<Option target="googleDriveApi"/>
		</Unit>
		<Unit filename="/Users/matthias/Documents/Projects/plexDrive/googleDriveApi/src/generatedIds.cpp">
			<Option target="googleDriveApi"/>
		</Unit>
		<Unit filename="/Users/matthias/Documents/Projects/plexDrive/googleDriveApi/src/googleDriveApi.cpp">
			<Option target="googleDriveApi"/>
		</Unit>
		<Unit filename="/Users/matthias/Documents/Projects/plexDrive/googleDriveApi/src/googleOAuth.cpp">
			<Option target="googleDriveApi"/>
		</Unit>
		<Unit filename="/Users/matthias/Documents/Projects/plexDrive/googleDriveApi/src/https.cpp">
			<Option target="googleDriveApi"/>
		</Unit>
		<Unit filename="/Users/matthias/Documents/Projects/plexDrive/googleDriveApi/src/imageMediaMetadata.cpp">
			<Option target="googleDriveApi"/>
		</Unit>
		<Unit filename="/Users/matthias/Documents/Projects/plexDrive/googleDriveApi/src/jsonObject.cpp">
			<Option target="googleDriveApi"/>
		</Unit>
		<Unit filename="/Users/matthias/Documents/Projects/plexDrive/googleDriveApi/src/location.cpp">
			<Option target="googleDriveApi"/>
		</Unit>
		<Unit filename="/Users/matthias/Documents/Projects/plexDrive/googleDriveApi/src/permission.cpp">
			<Option target="googleDriveApi"/>
		</Unit>
		<Unit filename="/Users/matthias/Documents/Projects/plexDrive/googleDriveApi/src/permissionList.cpp">
			<Option target="googleDriveApi"/>
		</Unit>
		<Unit filename="/Users/matthias/Documents/Projects/plexDrive/googleDriveApi/src/permissions.cpp">
			<Option target="googleDriveApi"/>
		</Unit>
		<Unit filename="/Users/matthias/Documents/Projects/plexDrive/googleDriveApi/src/replies.cpp">
			<Option target="googleDriveApi"/>
		</Unit>
		<Unit filename="/Users/matthias/Documents/Projects/plexDrive/googleDriveApi/src/reply.cpp">
			<Option target="googleDriveApi"/>
		</Unit>
		<Unit filename="/Users/matthias/Documents/Projects/plexDrive/googleDriveApi/src/replyList.cpp">
			<Option target="googleDriveApi"/>
		</Unit>
		<Unit filename="/Users/matthias/Documents/Projects/plexDrive/googleDriveApi/src/revision.cpp">
			<Option target="googleDriveApi"/>
		</Unit>
		<Unit filename="/Users/matthias/Documents/Projects/plexDrive/googleDriveApi/src/revisionList.cpp">
			<Option target="googleDriveApi"/>
		</Unit>
		<Unit filename="/Users/matthias/Documents/Projects/plexDrive/googleDriveApi/src/revisions.cpp">
			<Option target="googleDriveApi"/>
		</Unit>
		<Unit filename="/Users/matthias/Documents/Projects/plexDrive/googleDriveApi/src/startPageToken.cpp">
			<Option target="googleDriveApi"/>
		</Unit>
		<Unit filename="/Users/matthias/Documents/Projects/plexDrive/googleDriveApi/src/storageQuota.cpp">
			<Option target="googleDriveApi"/>
		</Unit>
		<Unit filename="/Users/matthias/Documents/Projects/plexDrive/googleDriveApi/src/teamDrive.cpp">
			<Option target="googleDriveApi"/>
		</Unit>
		<Unit filename="/Users/matthias/Documents/Projects/plexDrive/googleDriveApi/src/teamDriveList.cpp">
			<Option target="googleDriveApi"/>
		</Unit>
		<Unit filename="/Users/matthias/Documents/Projects/plexDrive/googleDriveApi/src/teamDriveThemes.cpp">
			<Option target="googleDriveApi"/>
		</Unit>
		<Unit filename="/Users/matthias/Documents/Projects/plexDrive/googleDriveApi/src/teamdrives.cpp">
			<Option target="googleDriveApi"/>
		</Unit>
		<Unit filename="/Users/matthias/Documents/Projects/plexDrive/googleDriveApi/src/thumbnail.cpp">
			<Option target="googleDriveApi"/>
		</Unit>
		<Unit filename="/Users/matthias/Documents/Projects/plexDrive/googleDriveApi/src/user.cpp">
			<Option target="googleDriveApi"/>
		</Unit>
		<Unit filename="/Users/matthias/Documents/Projects/plexDrive/googleDriveApi/src/videoMediaMetadata.cpp">
			<Option target="googleDriveApi"/>
		</Unit>
		<Unit filename="/Users/matthias/Documents/Projects/plexDrive/googleDriveApi/CMakeLists.txt">
			<Option virtualFolder="CMake Files\"/>
		</Unit>
	</Project>
</CodeBlocks_project_file>
